{
  "requires": true,
  "lockfileVersion": 1,
  "dependencies": {
    "sshimizu-palindrome": {
      "version": "0.1.1",
      "resolved": "https://registry.npmjs.org/sshimizu-palindrome/-/sshimizu-palindrome-0.1.1.tgz",
      "integrity": "sha512-D38TUjS+ZS36gxrBMp02BcuCriiWFYLpfxWtLX+5A1z/ag2XQsmk2XwHE77jQFocwvbE2G9RSri0SmdDjTH7fw=="
    }
  }
}
