{
  "requires": true,
  "lockfileVersion": 1,
  "dependencies": {
    "sshimizu-palindrome": {
      "version": "0.1.0",
      "resolved": "https://registry.npmjs.org/sshimizu-palindrome/-/sshimizu-palindrome-0.1.0.tgz",
      "integrity": "sha512-eRln0Qk+Rqq5MKqnW272XemcglEhKCul2dMFhu8PrsvDV4MYpfq7WCU/ipNiBlC8z+26A4Nn0tKkM6GGSqK2wQ=="
    }
  }
}
